{
  "name": "tests",
  "lockfileVersion": 3,
  "requires": true,
  "packages": {
    "": {
      "dependencies": {
        "undbauen": "file:.."
      }
    },
    "..": {
      "name": "undbauen",
      "version": "1.0.0",
      "license": "MIT",
      "devDependencies": {
        "eslint": "^8.57.0",
        "prettier": "^3.2.5"
      }
    },
    "node_modules/undbauen": {
      "resolved": "..",
      "link": true
    }
  }
}
